Microsoft Visual Studio Solution File, Format Version 12.00
# Visual Studio Version 17
VisualStudioVersion = 17.5.2.0
MinimumVisualStudioVersion = 10.0.40219.1
Project("{FAE04EC0-301F-11D3-BF4B-00C04F79EFBC}") = "ReticulaApp", "ReticulaApp.csproj", "{20B646FF-A7B0-157C-EFBB-7EC859E37A9F}"
EndProject
Global
	GlobalSection(SolutionConfigurationPlatforms) = preSolution
		Debug|Any CPU = Debug|Any CPU
		Release|Any CPU = Release|Any CPU
	EndGlobalSection
	GlobalSection(ProjectConfigurationPlatforms) = postSolution
		{20B646FF-A7B0-157C-EFBB-7EC859E37A9F}.Debug|Any CPU.ActiveCfg = Debug|Any CPU
		{20B646FF-A7B0-157C-EFBB-7EC859E37A9F}.Debug|Any CPU.Build.0 = Debug|Any CPU
		{20B646FF-A7B0-157C-EFBB-7EC859E37A9F}.Release|Any CPU.ActiveCfg = Release|Any CPU
		{20B646FF-A7B0-157C-EFBB-7EC859E37A9F}.Release|Any CPU.Build.0 = Release|Any CPU
	EndGlobalSection
	GlobalSection(SolutionProperties) = preSolution
		HideSolutionNode = FALSE
	EndGlobalSection
	GlobalSection(ExtensibilityGlobals) = postSolution
		SolutionGuid = {730CCC94-8B82-4E80-83A1-6074B076CAD9}
	EndGlobalSection
EndGlobal
